
Microsoft Visual Studio Solution File, Format Version 12.00
# Visual Studio 15
VisualStudioVersion = 15.0.26403.0
MinimumVisualStudioVersion = 10.0.40219.1
Project("{FAE04EC0-301F-11D3-BF4B-00C04F79EFBC}") = "Taim", "Taim\Taim.csproj", "{D8C95F7E-BAB8-43E8-B0BF-04F4D1A3CEC7}"
EndProject
Global
	GlobalSection(SolutionConfigurationPlatforms) = preSolution
		Debug|Any CPU = Debug|Any CPU
		Release|Any CPU = Release|Any CPU
	EndGlobalSection
	GlobalSection(ProjectConfigurationPlatforms) = postSolution
		{D8C95F7E-BAB8-43E8-B0BF-04F4D1A3CEC7}.Debug|Any CPU.ActiveCfg = Debug|Any CPU
		{D8C95F7E-BAB8-43E8-B0BF-04F4D1A3CEC7}.Debug|Any CPU.Build.0 = Debug|Any CPU
		{D8C95F7E-BAB8-43E8-B0BF-04F4D1A3CEC7}.Release|Any CPU.ActiveCfg = Release|Any CPU
		{D8C95F7E-BAB8-43E8-B0BF-04F4D1A3CEC7}.Release|Any CPU.Build.0 = Release|Any CPU
	EndGlobalSection
	GlobalSection(SolutionProperties) = preSolution
		HideSolutionNode = FALSE
	EndGlobalSection
EndGlobal
